
Microsoft Visual Studio Solution File, Format Version 12.00
# Visual Studio 14
VisualStudioVersion = 14.0.25420.1
MinimumVisualStudioVersion = 10.0.40219.1
Project("{FAE04EC0-301F-11D3-BF4B-00C04F79EFBC}") = "PrintTestWPF", "PrintTestWPF\PrintTestWPF.csproj", "{92B73E9A-0DEB-4961-A7A6-77E0B7C059A2}"
EndProject
Global
	GlobalSection(SolutionConfigurationPlatforms) = preSolution
		Debug|Any CPU = Debug|Any CPU
		Release|Any CPU = Release|Any CPU
	EndGlobalSection
	GlobalSection(ProjectConfigurationPlatforms) = postSolution
		{92B73E9A-0DEB-4961-A7A6-77E0B7C059A2}.Debug|Any CPU.ActiveCfg = Debug|Any CPU
		{92B73E9A-0DEB-4961-A7A6-77E0B7C059A2}.Debug|Any CPU.Build.0 = Debug|Any CPU
		{92B73E9A-0DEB-4961-A7A6-77E0B7C059A2}.Release|Any CPU.ActiveCfg = Release|Any CPU
		{92B73E9A-0DEB-4961-A7A6-77E0B7C059A2}.Release|Any CPU.Build.0 = Release|Any CPU
	EndGlobalSection
	GlobalSection(SolutionProperties) = preSolution
		HideSolutionNode = FALSE
	EndGlobalSection
EndGlobal
